{
    "_readme": [
        "This file locks the dependencies of your project to a known state",
        "Read more about it at http://getcomposer.org/doc/01-basic-usage.md#composer-lock-the-lock-file"
    ],
    "hash": "6f37eb28678f1e5df281a99fa548d77a",
    "packages": [
        {
            "name": "easyrdf/easyrdf",
            "version": "0.7.2",
            "source": {
                "type": "git",
                "url": "git://github.com/njh/easyrdf.git",
                "reference": "0.7.2"
            },
            "dist": {
                "type": "zip",
                "url": "https://github.com/njh/easyrdf/archive/0.7.2.zip",
                "reference": "0.7.2",
                "shasum": ""
            },
            "require": {
                "php": ">=5.2.8"
            },
            "type": "library",
            "autoload": {
                "psr-0": {
                    "EasyRdf_": "lib/"
                }
            },
            "notification-url": "https://packagist.org/downloads/",
            "license": [
                "BSD-3-Clause"
            ],
            "authors": [
                {
                    "name": "Nicholas Humfrey",
                    "email": "njh@aelius.com",
                    "homepage": "http://www.aelius.com/njh/",
                    "role": "Developer"
                }
            ],
            "description": "EasyRdf is a PHP library designed to make it easy to consume and produce RDF.",
            "homepage": "http://www.easyrdf.org/",
            "keywords": [
                "Linked Data",
                "RDF",
                "Semantic Web",
                "Turtle"
            ],
            "time": "2013-01-03 14:29:34"
        }
    ],
    "packages-dev": [

    ],
    "aliases": [

    ],
    "minimum-stability": "stable",
    "stability-flags": [

    ],
    "platform": {
        "php": ">=5.0.0"
    },
    "platform-dev": [

    ]
}
